dependencies:
  espressif/button:
    component_hash: ba2b069cc8d7d485f3d528c5187fd80599144e8d9ef53a883bc09b46cd608aab
    source:
      service_url: https://api.components.espressif.com/
      type: service
    version: 3.1.3
  espressif/cmake_utilities:
    component_hash: 351350613ceafba240b761b4ea991e0f231ac7a9f59a9ee901f751bddc0bb18f
    source:
      service_url: https://api.components.espressif.com/
      type: service
    version: 0.5.3
  espressif/esp_lvgl_port:
    component_hash: b43dc04720d126cbfe14d53a84787e4c24b7bd7f15468e224c930ad3ffb32258
    source:
      service_url: https://api.components.espressif.com/
      type: service
    version: 1.4.0
  idf:
    component_hash: null
    source:
      type: idf
    version: 5.3.0
  lvgl/lvgl:
    component_hash: 51022b16bce6ee90f54a8bd21cd6d497d886916899b577b1bebb9125b91e23fc
    source:
      service_url: https://api.components.espressif.com/
      type: service
    version: 8.3.10
manifest_hash: d499107dcf2216655985f27f101ddbdac0fe36cdaf05f25da5089a766f0ee729
target: esp32s3
version: 1.0.0
